
Microsoft Visual Studio Solution File, Format Version 12.00
# Visual Studio Version 16
VisualStudioVersion = 16.0.29418.71
MinimumVisualStudioVersion = 10.0.40219.1
Project("{FAE04EC0-301F-11D3-BF4B-00C04F79EFBC}") = "Reverse4", "Reverse4\Reverse4.csproj", "{953D9BF5-B9A2-43BD-8610-8B9186661533}"
EndProject
Global
	GlobalSection(SolutionConfigurationPlatforms) = preSolution
		Debug|Any CPU = Debug|Any CPU
		Release|Any CPU = Release|Any CPU
	EndGlobalSection
	GlobalSection(ProjectConfigurationPlatforms) = postSolution
		{953D9BF5-B9A2-43BD-8610-8B9186661533}.Debug|Any CPU.ActiveCfg = Debug|Any CPU
		{953D9BF5-B9A2-43BD-8610-8B9186661533}.Debug|Any CPU.Build.0 = Debug|Any CPU
		{953D9BF5-B9A2-43BD-8610-8B9186661533}.Release|Any CPU.ActiveCfg = Release|Any CPU
		{953D9BF5-B9A2-43BD-8610-8B9186661533}.Release|Any CPU.Build.0 = Release|Any CPU
	EndGlobalSection
	GlobalSection(SolutionProperties) = preSolution
		HideSolutionNode = FALSE
	EndGlobalSection
	GlobalSection(ExtensibilityGlobals) = postSolution
		SolutionGuid = {B72AE195-9D33-4588-94E7-CB1C45E9F259}
	EndGlobalSection
EndGlobal
